
Microsoft Visual Studio Solution File, Format Version 12.00
# Visual Studio Version 16
VisualStudioVersion = 16.0.29519.181
MinimumVisualStudioVersion = 10.0.40219.1
Project("{9A19103F-16F7-4668-BE54-9A1E7A4F7556}") = "WebScoket", "WebScoket.csproj", "{72ACFE57-88C8-4DCF-9506-D0F9DD6BA2EB}"
EndProject
Global
	GlobalSection(SolutionConfigurationPlatforms) = preSolution
		Debug|Any CPU = Debug|Any CPU
		Release|Any CPU = Release|Any CPU
	EndGlobalSection
	GlobalSection(ProjectConfigurationPlatforms) = postSolution
		{72ACFE57-88C8-4DCF-9506-D0F9DD6BA2EB}.Debug|Any CPU.ActiveCfg = Debug|Any CPU
		{72ACFE57-88C8-4DCF-9506-D0F9DD6BA2EB}.Debug|Any CPU.Build.0 = Debug|Any CPU
		{72ACFE57-88C8-4DCF-9506-D0F9DD6BA2EB}.Release|Any CPU.ActiveCfg = Release|Any CPU
		{72ACFE57-88C8-4DCF-9506-D0F9DD6BA2EB}.Release|Any CPU.Build.0 = Release|Any CPU
	EndGlobalSection
	GlobalSection(SolutionProperties) = preSolution
		HideSolutionNode = FALSE
	EndGlobalSection
	GlobalSection(ExtensibilityGlobals) = postSolution
		SolutionGuid = {F78AE124-82E2-4AD0-82E3-C5C9FC3533C6}
	EndGlobalSection
EndGlobal
